
Microsoft Visual Studio Solution File, Format Version 12.00
# Visual Studio Version 17
VisualStudioVersion = 17.7.34221.43
MinimumVisualStudioVersion = 10.0.40219.1
Project("{FAE04EC0-301F-11D3-BF4B-00C04F79EFBC}") = "CustomerMVC", "CustomerMVC.csproj", "{9AF25A7E-F2C9-4473-AC9B-C09FD9A43011}"
EndProject
Global
	GlobalSection(SolutionConfigurationPlatforms) = preSolution
		Debug|Any CPU = Debug|Any CPU
		Release|Any CPU = Release|Any CPU
	EndGlobalSection
	GlobalSection(ProjectConfigurationPlatforms) = postSolution
		{9AF25A7E-F2C9-4473-AC9B-C09FD9A43011}.Debug|Any CPU.ActiveCfg = Debug|Any CPU
		{9AF25A7E-F2C9-4473-AC9B-C09FD9A43011}.Debug|Any CPU.Build.0 = Debug|Any CPU
		{9AF25A7E-F2C9-4473-AC9B-C09FD9A43011}.Release|Any CPU.ActiveCfg = Release|Any CPU
		{9AF25A7E-F2C9-4473-AC9B-C09FD9A43011}.Release|Any CPU.Build.0 = Release|Any CPU
	EndGlobalSection
	GlobalSection(SolutionProperties) = preSolution
		HideSolutionNode = FALSE
	EndGlobalSection
	GlobalSection(ExtensibilityGlobals) = postSolution
		SolutionGuid = {235940EF-A7E8-45CE-AB1F-563C02A58220}
	EndGlobalSection
EndGlobal
