
Microsoft Visual Studio Solution File, Format Version 12.00
# Visual Studio Version 17
VisualStudioVersion = 17.8.34309.116
MinimumVisualStudioVersion = 10.0.40219.1
Project("{FAE04EC0-301F-11D3-BF4B-00C04F79EFBC}") = "InMemoryCURD", "InMemoryCURD.csproj", "{CD4F8511-5E72-42CE-9208-93EE23D5D57A}"
EndProject
Global
	GlobalSection(SolutionConfigurationPlatforms) = preSolution
		Debug|Any CPU = Debug|Any CPU
		Release|Any CPU = Release|Any CPU
	EndGlobalSection
	GlobalSection(ProjectConfigurationPlatforms) = postSolution
		{CD4F8511-5E72-42CE-9208-93EE23D5D57A}.Debug|Any CPU.ActiveCfg = Debug|Any CPU
		{CD4F8511-5E72-42CE-9208-93EE23D5D57A}.Debug|Any CPU.Build.0 = Debug|Any CPU
		{CD4F8511-5E72-42CE-9208-93EE23D5D57A}.Release|Any CPU.ActiveCfg = Release|Any CPU
		{CD4F8511-5E72-42CE-9208-93EE23D5D57A}.Release|Any CPU.Build.0 = Release|Any CPU
	EndGlobalSection
	GlobalSection(SolutionProperties) = preSolution
		HideSolutionNode = FALSE
	EndGlobalSection
	GlobalSection(ExtensibilityGlobals) = postSolution
		SolutionGuid = {9DEF6CB9-54D5-4794-937B-182C48D4A933}
	EndGlobalSection
EndGlobal
